
Microsoft Visual Studio Solution File, Format Version 12.00
# Visual Studio Version 16
VisualStudioVersion = 16.0.31702.278
MinimumVisualStudioVersion = 10.0.40219.1
Project("{FAE04EC0-301F-11D3-BF4B-00C04F79EFBC}") = "hangmanxd", "hangmanxd.csproj", "{EBE2C225-5677-4C25-A7F5-C1C4E827417C}"
EndProject
Global
	GlobalSection(SolutionConfigurationPlatforms) = preSolution
		Debug|Any CPU = Debug|Any CPU
		Release|Any CPU = Release|Any CPU
	EndGlobalSection
	GlobalSection(ProjectConfigurationPlatforms) = postSolution
		{EBE2C225-5677-4C25-A7F5-C1C4E827417C}.Debug|Any CPU.ActiveCfg = Debug|Any CPU
		{EBE2C225-5677-4C25-A7F5-C1C4E827417C}.Debug|Any CPU.Build.0 = Debug|Any CPU
		{EBE2C225-5677-4C25-A7F5-C1C4E827417C}.Release|Any CPU.ActiveCfg = Release|Any CPU
		{EBE2C225-5677-4C25-A7F5-C1C4E827417C}.Release|Any CPU.Build.0 = Release|Any CPU
	EndGlobalSection
	GlobalSection(SolutionProperties) = preSolution
		HideSolutionNode = FALSE
	EndGlobalSection
	GlobalSection(ExtensibilityGlobals) = postSolution
		SolutionGuid = {C266B202-2408-4FE4-A9AA-491537AEDB79}
	EndGlobalSection
EndGlobal
