
Microsoft Visual Studio Solution File, Format Version 12.00
# Visual Studio Version 16
VisualStudioVersion = 16.0.31702.278
MinimumVisualStudioVersion = 10.0.40219.1
Project("{FAE04EC0-301F-11D3-BF4B-00C04F79EFBC}") = "miniblbost3", "miniblbost3.csproj", "{D78C0F54-98D0-4279-9FE8-6D2750A7E7B6}"
EndProject
Global
	GlobalSection(SolutionConfigurationPlatforms) = preSolution
		Debug|Any CPU = Debug|Any CPU
		Release|Any CPU = Release|Any CPU
	EndGlobalSection
	GlobalSection(ProjectConfigurationPlatforms) = postSolution
		{D78C0F54-98D0-4279-9FE8-6D2750A7E7B6}.Debug|Any CPU.ActiveCfg = Debug|Any CPU
		{D78C0F54-98D0-4279-9FE8-6D2750A7E7B6}.Debug|Any CPU.Build.0 = Debug|Any CPU
		{D78C0F54-98D0-4279-9FE8-6D2750A7E7B6}.Release|Any CPU.ActiveCfg = Release|Any CPU
		{D78C0F54-98D0-4279-9FE8-6D2750A7E7B6}.Release|Any CPU.Build.0 = Release|Any CPU
	EndGlobalSection
	GlobalSection(SolutionProperties) = preSolution
		HideSolutionNode = FALSE
	EndGlobalSection
	GlobalSection(ExtensibilityGlobals) = postSolution
		SolutionGuid = {60A423D1-24CA-47AD-AEC5-C3BD64159604}
	EndGlobalSection
EndGlobal
