
Microsoft Visual Studio Solution File, Format Version 12.00
# Visual Studio Version 16
VisualStudioVersion = 16.0.31702.278
MinimumVisualStudioVersion = 10.0.40219.1
Project("{FAE04EC0-301F-11D3-BF4B-00C04F79EFBC}") = "HangMan2", "HangMan2.csproj", "{7BC270CF-4BAB-47D5-8E77-B772182E95EC}"
EndProject
Global
	GlobalSection(SolutionConfigurationPlatforms) = preSolution
		Debug|Any CPU = Debug|Any CPU
		Release|Any CPU = Release|Any CPU
	EndGlobalSection
	GlobalSection(ProjectConfigurationPlatforms) = postSolution
		{7BC270CF-4BAB-47D5-8E77-B772182E95EC}.Debug|Any CPU.ActiveCfg = Debug|Any CPU
		{7BC270CF-4BAB-47D5-8E77-B772182E95EC}.Debug|Any CPU.Build.0 = Debug|Any CPU
		{7BC270CF-4BAB-47D5-8E77-B772182E95EC}.Release|Any CPU.ActiveCfg = Release|Any CPU
		{7BC270CF-4BAB-47D5-8E77-B772182E95EC}.Release|Any CPU.Build.0 = Release|Any CPU
	EndGlobalSection
	GlobalSection(SolutionProperties) = preSolution
		HideSolutionNode = FALSE
	EndGlobalSection
	GlobalSection(ExtensibilityGlobals) = postSolution
		SolutionGuid = {BB578BB9-DAAC-4903-804B-B8967BFD1C75}
	EndGlobalSection
EndGlobal
